
Microsoft Visual Studio Solution File, Format Version 12.00
# Visual Studio Version 17
VisualStudioVersion = 17.10.35013.160
MinimumVisualStudioVersion = 10.0.40219.1
Project("{FAE04EC0-301F-11D3-BF4B-00C04F79EFBC}") = "Core", "Core\Core.csproj", "{1D624F4E-34F3-4FB8-81CA-B6B06818325B}"
EndProject
Project("{FAE04EC0-301F-11D3-BF4B-00C04F79EFBC}") = "Application", "Application\Application.csproj", "{3F360C52-9AC4-41D6-B62E-F5BC4D435B1A}"
EndProject
Project("{FAE04EC0-301F-11D3-BF4B-00C04F79EFBC}") = "Infrastructure", "Infrastructure\Infrastructure.csproj", "{01CC79F9-C375-432C-9285-35C0A58319C0}"
EndProject
Project("{FAE04EC0-301F-11D3-BF4B-00C04F79EFBC}") = "WebApi", "WebApi\WebApi.csproj", "{D3BB9CF3-3DE4-40F1-A2B9-98C8F17F4042}"
EndProject
Global
	GlobalSection(SolutionConfigurationPlatforms) = preSolution
		Debug|Any CPU = Debug|Any CPU
		Release|Any CPU = Release|Any CPU
	EndGlobalSection
	GlobalSection(ProjectConfigurationPlatforms) = postSolution
		{1D624F4E-34F3-4FB8-81CA-B6B06818325B}.Debug|Any CPU.ActiveCfg = Debug|Any CPU
		{1D624F4E-34F3-4FB8-81CA-B6B06818325B}.Debug|Any CPU.Build.0 = Debug|Any CPU
		{1D624F4E-34F3-4FB8-81CA-B6B06818325B}.Release|Any CPU.ActiveCfg = Release|Any CPU
		{1D624F4E-34F3-4FB8-81CA-B6B06818325B}.Release|Any CPU.Build.0 = Release|Any CPU
		{3F360C52-9AC4-41D6-B62E-F5BC4D435B1A}.Debug|Any CPU.ActiveCfg = Debug|Any CPU
		{3F360C52-9AC4-41D6-B62E-F5BC4D435B1A}.Debug|Any CPU.Build.0 = Debug|Any CPU
		{3F360C52-9AC4-41D6-B62E-F5BC4D435B1A}.Release|Any CPU.ActiveCfg = Release|Any CPU
		{3F360C52-9AC4-41D6-B62E-F5BC4D435B1A}.Release|Any CPU.Build.0 = Release|Any CPU
		{01CC79F9-C375-432C-9285-35C0A58319C0}.Debug|Any CPU.ActiveCfg = Debug|Any CPU
		{01CC79F9-C375-432C-9285-35C0A58319C0}.Debug|Any CPU.Build.0 = Debug|Any CPU
		{01CC79F9-C375-432C-9285-35C0A58319C0}.Release|Any CPU.ActiveCfg = Release|Any CPU
		{01CC79F9-C375-432C-9285-35C0A58319C0}.Release|Any CPU.Build.0 = Release|Any CPU
		{D3BB9CF3-3DE4-40F1-A2B9-98C8F17F4042}.Debug|Any CPU.ActiveCfg = Debug|Any CPU
		{D3BB9CF3-3DE4-40F1-A2B9-98C8F17F4042}.Debug|Any CPU.Build.0 = Debug|Any CPU
		{D3BB9CF3-3DE4-40F1-A2B9-98C8F17F4042}.Release|Any CPU.ActiveCfg = Release|Any CPU
		{D3BB9CF3-3DE4-40F1-A2B9-98C8F17F4042}.Release|Any CPU.Build.0 = Release|Any CPU
	EndGlobalSection
	GlobalSection(SolutionProperties) = preSolution
		HideSolutionNode = FALSE
	EndGlobalSection
	GlobalSection(ExtensibilityGlobals) = postSolution
		SolutionGuid = {1DBDD75E-73BA-4EB5-90B1-16A83439262E}
	EndGlobalSection
EndGlobal
